
Microsoft Visual Studio Solution File, Format Version 12.00
# Visual Studio Version 16
VisualStudioVersion = 16.0.31729.503
MinimumVisualStudioVersion = 10.0.40219.1
Project("{FAE04EC0-301F-11D3-BF4B-00C04F79EFBC}") = "SportsScoringApp", "SportsScoringApp\SportsScoringApp.csproj", "{57698FD9-C719-4F9F-9D6D-0DB14BB0909A}"
EndProject
Global
	GlobalSection(SolutionConfigurationPlatforms) = preSolution
		Debug|Any CPU = Debug|Any CPU
		Release|Any CPU = Release|Any CPU
	EndGlobalSection
	GlobalSection(ProjectConfigurationPlatforms) = postSolution
		{57698FD9-C719-4F9F-9D6D-0DB14BB0909A}.Debug|Any CPU.ActiveCfg = Debug|Any CPU
		{57698FD9-C719-4F9F-9D6D-0DB14BB0909A}.Debug|Any CPU.Build.0 = Debug|Any CPU
		{57698FD9-C719-4F9F-9D6D-0DB14BB0909A}.Release|Any CPU.ActiveCfg = Release|Any CPU
		{57698FD9-C719-4F9F-9D6D-0DB14BB0909A}.Release|Any CPU.Build.0 = Release|Any CPU
	EndGlobalSection
	GlobalSection(SolutionProperties) = preSolution
		HideSolutionNode = FALSE
	EndGlobalSection
	GlobalSection(ExtensibilityGlobals) = postSolution
		SolutionGuid = {0739E12E-BB81-4BDB-A909-26088159850B}
	EndGlobalSection
EndGlobal
